
Microsoft Visual Studio Solution File, Format Version 12.00
# Visual Studio Version 17
VisualStudioVersion = 17.8.34511.84
MinimumVisualStudioVersion = 10.0.40219.1
Project("{2150E333-8FDC-42A3-9474-1A3956D46DE8}") = "Src", "Src", "{90606380-908C-4B9B-A3FD-2A188012E39C}"
EndProject
Project("{2150E333-8FDC-42A3-9474-1A3956D46DE8}") = "Test", "Test", "{2CF43AA7-5651-4695-A5E8-B08E361EACDB}"
EndProject
Project("{2150E333-8FDC-42A3-9474-1A3956D46DE8}") = "Doc", "Doc", "{596FD23F-32D9-4159-B8C5-45F8159922C2}"
EndProject
Project("{2150E333-8FDC-42A3-9474-1A3956D46DE8}") = "Domain", "Domain", "{ED2CA22A-2994-4FB7-8DD2-4E8A5E56C7F3}"
EndProject
Project("{2150E333-8FDC-42A3-9474-1A3956D46DE8}") = "Application", "Application", "{4EF1C0C8-AF9E-4F28-A988-FC010871D82D}"
EndProject
Project("{2150E333-8FDC-42A3-9474-1A3956D46DE8}") = "infrastructure", "infrastructure", "{4AB6B4E7-499F-4DD4-8321-4A83F775297A}"
EndProject
Project("{2150E333-8FDC-42A3-9474-1A3956D46DE8}") = "Presentation", "Presentation", "{F1182899-719F-4573-A631-5E5CC0682938}"
EndProject
Project("{9A19103F-16F7-4668-BE54-9A1E7A4F7556}") = "WriteBalance.Application", "WriteBalance.Application\WriteBalance.Application.csproj", "{7C86E327-4211-4A1D-A79A-9A83AF414118}"
EndProject
Project("{9A19103F-16F7-4668-BE54-9A1E7A4F7556}") = "WriteBalance.Domain", "WriteBalance.Domain\WriteBalance.Domain.csproj", "{1642EFAC-2F79-4185-BEBB-322485A2CD10}"
EndProject
Project("{9A19103F-16F7-4668-BE54-9A1E7A4F7556}") = "WriteBalance.Infrastructure", "WriteBalance.Infrastructure\WriteBalance.Infrastructure.csproj", "{C63BE21D-1E1D-4B3B-904F-EEFA3B5B3231}"
EndProject
Project("{9A19103F-16F7-4668-BE54-9A1E7A4F7556}") = "WriteBalanceConsoleApp", "WriteBalance.ConsoleApp\WriteBalanceConsoleApp.csproj", "{5E2F8B4F-A4F1-458A-BC68-F4EFBCC4AF20}"
EndProject
Project("{2150E333-8FDC-42A3-9474-1A3956D46DE8}") = "Common", "Common", "{843F4C5D-D8E6-4CB3-9878-3181E812C2B4}"
EndProject
Project("{FAE04EC0-301F-11D3-BF4B-00C04F79EFBC}") = "WriteBalance.Common", "WriteBalance.Common\WriteBalance.Common.csproj", "{A18DB54D-ECFF-4EDC-A979-3E04725BBE87}"
EndProject
Global
	GlobalSection(SolutionConfigurationPlatforms) = preSolution
		Debug|Any CPU = Debug|Any CPU
		Release|Any CPU = Release|Any CPU
	EndGlobalSection
	GlobalSection(ProjectConfigurationPlatforms) = postSolution
		{7C86E327-4211-4A1D-A79A-9A83AF414118}.Debug|Any CPU.ActiveCfg = Debug|Any CPU
		{7C86E327-4211-4A1D-A79A-9A83AF414118}.Debug|Any CPU.Build.0 = Debug|Any CPU
		{7C86E327-4211-4A1D-A79A-9A83AF414118}.Release|Any CPU.ActiveCfg = Release|Any CPU
		{7C86E327-4211-4A1D-A79A-9A83AF414118}.Release|Any CPU.Build.0 = Release|Any CPU
		{1642EFAC-2F79-4185-BEBB-322485A2CD10}.Debug|Any CPU.ActiveCfg = Debug|Any CPU
		{1642EFAC-2F79-4185-BEBB-322485A2CD10}.Debug|Any CPU.Build.0 = Debug|Any CPU
		{1642EFAC-2F79-4185-BEBB-322485A2CD10}.Release|Any CPU.ActiveCfg = Release|Any CPU
		{1642EFAC-2F79-4185-BEBB-322485A2CD10}.Release|Any CPU.Build.0 = Release|Any CPU
		{C63BE21D-1E1D-4B3B-904F-EEFA3B5B3231}.Debug|Any CPU.ActiveCfg = Debug|Any CPU
		{C63BE21D-1E1D-4B3B-904F-EEFA3B5B3231}.Debug|Any CPU.Build.0 = Debug|Any CPU
		{C63BE21D-1E1D-4B3B-904F-EEFA3B5B3231}.Release|Any CPU.ActiveCfg = Release|Any CPU
		{C63BE21D-1E1D-4B3B-904F-EEFA3B5B3231}.Release|Any CPU.Build.0 = Release|Any CPU
		{5E2F8B4F-A4F1-458A-BC68-F4EFBCC4AF20}.Debug|Any CPU.ActiveCfg = Debug|Any CPU
		{5E2F8B4F-A4F1-458A-BC68-F4EFBCC4AF20}.Debug|Any CPU.Build.0 = Debug|Any CPU
		{5E2F8B4F-A4F1-458A-BC68-F4EFBCC4AF20}.Release|Any CPU.ActiveCfg = Release|Any CPU
		{5E2F8B4F-A4F1-458A-BC68-F4EFBCC4AF20}.Release|Any CPU.Build.0 = Release|Any CPU
		{A18DB54D-ECFF-4EDC-A979-3E04725BBE87}.Debug|Any CPU.ActiveCfg = Debug|Any CPU
		{A18DB54D-ECFF-4EDC-A979-3E04725BBE87}.Debug|Any CPU.Build.0 = Debug|Any CPU
		{A18DB54D-ECFF-4EDC-A979-3E04725BBE87}.Release|Any CPU.ActiveCfg = Release|Any CPU
		{A18DB54D-ECFF-4EDC-A979-3E04725BBE87}.Release|Any CPU.Build.0 = Release|Any CPU
	EndGlobalSection
	GlobalSection(SolutionProperties) = preSolution
		HideSolutionNode = FALSE
	EndGlobalSection
	GlobalSection(NestedProjects) = preSolution
		{ED2CA22A-2994-4FB7-8DD2-4E8A5E56C7F3} = {90606380-908C-4B9B-A3FD-2A188012E39C}
		{4EF1C0C8-AF9E-4F28-A988-FC010871D82D} = {90606380-908C-4B9B-A3FD-2A188012E39C}
		{4AB6B4E7-499F-4DD4-8321-4A83F775297A} = {90606380-908C-4B9B-A3FD-2A188012E39C}
		{F1182899-719F-4573-A631-5E5CC0682938} = {90606380-908C-4B9B-A3FD-2A188012E39C}
		{7C86E327-4211-4A1D-A79A-9A83AF414118} = {4EF1C0C8-AF9E-4F28-A988-FC010871D82D}
		{1642EFAC-2F79-4185-BEBB-322485A2CD10} = {ED2CA22A-2994-4FB7-8DD2-4E8A5E56C7F3}
		{C63BE21D-1E1D-4B3B-904F-EEFA3B5B3231} = {4AB6B4E7-499F-4DD4-8321-4A83F775297A}
		{5E2F8B4F-A4F1-458A-BC68-F4EFBCC4AF20} = {F1182899-719F-4573-A631-5E5CC0682938}
		{843F4C5D-D8E6-4CB3-9878-3181E812C2B4} = {90606380-908C-4B9B-A3FD-2A188012E39C}
		{A18DB54D-ECFF-4EDC-A979-3E04725BBE87} = {843F4C5D-D8E6-4CB3-9878-3181E812C2B4}
	EndGlobalSection
	GlobalSection(ExtensibilityGlobals) = postSolution
		SolutionGuid = {FB70DAE6-7211-431E-8778-3DD7E41D53CF}
	EndGlobalSection
EndGlobal
